
Microsoft Visual Studio Solution File, Format Version 12.00
# Visual Studio Version 17
VisualStudioVersion = 17.7.34003.232
MinimumVisualStudioVersion = 10.0.40219.1
Project("{FAE04EC0-301F-11D3-BF4B-00C04F79EFBC}") = "RESERVA-C", "RESERVA-C\RESERVA-C.csproj", "{5433A7BD-B7C4-4544-B650-06B740629A67}"
EndProject
Global
	GlobalSection(SolutionConfigurationPlatforms) = preSolution
		Debug|Any CPU = Debug|Any CPU
		Release|Any CPU = Release|Any CPU
	EndGlobalSection
	GlobalSection(ProjectConfigurationPlatforms) = postSolution
		{5433A7BD-B7C4-4544-B650-06B740629A67}.Debug|Any CPU.ActiveCfg = Debug|Any CPU
		{5433A7BD-B7C4-4544-B650-06B740629A67}.Debug|Any CPU.Build.0 = Debug|Any CPU
		{5433A7BD-B7C4-4544-B650-06B740629A67}.Release|Any CPU.ActiveCfg = Release|Any CPU
		{5433A7BD-B7C4-4544-B650-06B740629A67}.Release|Any CPU.Build.0 = Release|Any CPU
	EndGlobalSection
	GlobalSection(SolutionProperties) = preSolution
		HideSolutionNode = FALSE
	EndGlobalSection
	GlobalSection(ExtensibilityGlobals) = postSolution
		SolutionGuid = {35821409-2DC8-42CD-A087-EC74968E093E}
	EndGlobalSection
EndGlobal
